
Microsoft Visual Studio Solution File, Format Version 12.00
# Visual Studio Version 17
VisualStudioVersion = 17.4.33122.133
MinimumVisualStudioVersion = 10.0.40219.1
Project("{FAE04EC0-301F-11D3-BF4B-00C04F79EFBC}") = "ComputerStoreService", "ComputerStoreService\ComputerStoreService.csproj", "{3EAA8737-5C3E-4016-BAAD-904632197BE5}"
EndProject
Project("{FAE04EC0-301F-11D3-BF4B-00C04F79EFBC}") = "ComputerStorePresentation", "ComputerStorePresentation\ComputerStorePresentation.csproj", "{F4914195-C783-49E2-B62A-C70E2AF760F0}"
EndProject
Global
	GlobalSection(SolutionConfigurationPlatforms) = preSolution
		Debug|Any CPU = Debug|Any CPU
		Release|Any CPU = Release|Any CPU
	EndGlobalSection
	GlobalSection(ProjectConfigurationPlatforms) = postSolution
		{3EAA8737-5C3E-4016-BAAD-904632197BE5}.Debug|Any CPU.ActiveCfg = Debug|Any CPU
		{3EAA8737-5C3E-4016-BAAD-904632197BE5}.Debug|Any CPU.Build.0 = Debug|Any CPU
		{3EAA8737-5C3E-4016-BAAD-904632197BE5}.Release|Any CPU.ActiveCfg = Release|Any CPU
		{3EAA8737-5C3E-4016-BAAD-904632197BE5}.Release|Any CPU.Build.0 = Release|Any CPU
		{F4914195-C783-49E2-B62A-C70E2AF760F0}.Debug|Any CPU.ActiveCfg = Debug|Any CPU
		{F4914195-C783-49E2-B62A-C70E2AF760F0}.Debug|Any CPU.Build.0 = Debug|Any CPU
		{F4914195-C783-49E2-B62A-C70E2AF760F0}.Release|Any CPU.ActiveCfg = Release|Any CPU
		{F4914195-C783-49E2-B62A-C70E2AF760F0}.Release|Any CPU.Build.0 = Release|Any CPU
	EndGlobalSection
	GlobalSection(SolutionProperties) = preSolution
		HideSolutionNode = FALSE
	EndGlobalSection
	GlobalSection(ExtensibilityGlobals) = postSolution
		SolutionGuid = {24D5E39F-AA5C-46EC-8C69-BE9131222DCB}
	EndGlobalSection
EndGlobal
